
Microsoft Visual Studio Solution File, Format Version 12.00
# Visual Studio Version 17
VisualStudioVersion = 17.5.002.0
MinimumVisualStudioVersion = 10.0.40219.1
Project("{9A19103F-16F7-4668-BE54-9A1E7A4F7556}") = "TaskManagementSystem", "TaskManagementSystem.csproj", "{18F9ADE5-8C7E-49C0-9BCC-C51214320D2D}"
EndProject
Global
	GlobalSection(SolutionConfigurationPlatforms) = preSolution
		Debug|Any CPU = Debug|Any CPU
		Release|Any CPU = Release|Any CPU
	EndGlobalSection
	GlobalSection(ProjectConfigurationPlatforms) = postSolution
		{18F9ADE5-8C7E-49C0-9BCC-C51214320D2D}.Debug|Any CPU.ActiveCfg = Debug|Any CPU
		{18F9ADE5-8C7E-49C0-9BCC-C51214320D2D}.Debug|Any CPU.Build.0 = Debug|Any CPU
		{18F9ADE5-8C7E-49C0-9BCC-C51214320D2D}.Release|Any CPU.ActiveCfg = Release|Any CPU
		{18F9ADE5-8C7E-49C0-9BCC-C51214320D2D}.Release|Any CPU.Build.0 = Release|Any CPU
	EndGlobalSection
	GlobalSection(SolutionProperties) = preSolution
		HideSolutionNode = FALSE
	EndGlobalSection
	GlobalSection(ExtensibilityGlobals) = postSolution
		SolutionGuid = {5542CC15-5B2E-42A9-9195-708725DCB1A7}
	EndGlobalSection
EndGlobal
